{
  "requires": true,
  "lockfileVersion": 1,
  "dependencies": {
    "@material/animation": {
      "version": "0.25.0",
      "resolved": "https://registry.npmjs.org/@material/animation/-/animation-0.25.0.tgz",
      "integrity": "sha512-4RzlpMwJtMnQ3/rNf4zpG9qnoQcCkYiRs6U515MRQzv7qFl1eCZx3U3dGaUu7UVf3Hwx4RskUB/fBxGc0b61CQ=="
    },
    "@material/auto-init": {
      "version": "0.25.0",
      "resolved": "https://registry.npmjs.org/@material/auto-init/-/auto-init-0.25.0.tgz",
      "integrity": "sha512-5nZOslGcZUczKXfMPBze5fgAb3OAmoeGxm3h6x3QLZP7FMXgyRpofH6AGw5oDIiXmvSM8r2+sduwW9OfgMlTMA=="
    },
    "@material/base": {
      "version": "0.24.0",
      "resolved": "https://registry.npmjs.org/@material/base/-/base-0.24.0.tgz",
      "integrity": "sha512-RG1SbHl6M8a0fdrMAoMm7Fc8jkuj3HhZd0f8Dy5kfUtQk3I7PyzD+MLCrmCHgUAlKbcK2J9VxJWpd4isZr3x9w=="
    },
    "@material/drawer": {
      "version": "0.26.0",
      "resolved": "https://registry.npmjs.org/@material/drawer/-/drawer-0.26.0.tgz",
      "integrity": "sha512-h+vlos6RJNpnAPxtZ75yFjpMY7ek2gg4C6bLbevrLjGRNRKe7AU/WZN859Eb21BG10XgY2t67O4zf5mqwm1Ykg==",
      "requires": {
        "@material/animation": "0.25.0",
        "@material/base": "0.24.0",
        "@material/elevation": "0.25.0",
        "@material/rtl": "0.1.8",
        "@material/theme": "0.25.0",
        "@material/typography": "0.3.0"
      }
    },
    "@material/elevation": {
      "version": "0.25.0",
      "resolved": "https://registry.npmjs.org/@material/elevation/-/elevation-0.25.0.tgz",
      "integrity": "sha512-3TU+Far+D7qo8UqghRIRPp2riXV457L2bULiv+KY9WglWR5eyX3l1BfApgEbza+ltZCVcbrtiTcRVpCI18zIqA==",
      "requires": {
        "@material/animation": "0.25.0",
        "@material/theme": "0.4.0"
      },
      "dependencies": {
        "@material/theme": {
          "version": "0.4.0",
          "resolved": "https://registry.npmjs.org/@material/theme/-/theme-0.4.0.tgz",
          "integrity": "sha1-Cu8aAnm2XBWZBYT7i47KCVxzRkE="
        }
      }
    },
    "@material/fab": {
      "version": "0.26.0",
      "resolved": "https://registry.npmjs.org/@material/fab/-/fab-0.26.0.tgz",
      "integrity": "sha512-IXVusEgThb3PakfZmBTAVo74VCefTUvZbObc9YfVhW7IdG0iWTKp8WiYB/uvd4EdEbJ1gCqv/JhxDAN79nstAQ==",
      "requires": {
        "@material/animation": "0.25.0",
        "@material/elevation": "0.25.0",
        "@material/ripple": "0.26.0",
        "@material/theme": "0.25.0"
      }
    },
    "@material/icon-toggle": {
      "version": "0.26.0",
      "resolved": "https://registry.npmjs.org/@material/icon-toggle/-/icon-toggle-0.26.0.tgz",
      "integrity": "sha512-hy53z3rUQZMi1Xrgi+8NGcB6gNIbxDXd51oWToQdZXNhX1s1g2ZTCdhsLLjgUbLWYw+sK+oM6wAaoe9L/NkE9w==",
      "requires": {
        "@material/animation": "0.25.0",
        "@material/base": "0.24.0",
        "@material/ripple": "0.26.0",
        "@material/theme": "0.25.0"
      }
    },
    "@material/ripple": {
      "version": "0.26.0",
      "resolved": "https://registry.npmjs.org/@material/ripple/-/ripple-0.26.0.tgz",
      "integrity": "sha512-p4B7W/89j1ywYrM7VOsWJ3BWxH3kIezwW+02LoHlFQdtCoYyHa8DNco6XFgawS052iFmfaTpLPIQN3BILz4eBQ==",
      "requires": {
        "@material/base": "0.24.0",
        "@material/theme": "0.25.0"
      }
    },
    "@material/rtl": {
      "version": "0.1.8",
      "resolved": "https://registry.npmjs.org/@material/rtl/-/rtl-0.1.8.tgz",
      "integrity": "sha512-NzBobwxvhJg+dch99pVO+Z9HL1DM+esuIy5WYXgM7trfOVh8n9DkVo5vD/NKnDy6F5wCaRnJOI5T19Tev6c9Zw=="
    },
    "@material/theme": {
      "version": "0.25.0",
      "resolved": "https://registry.npmjs.org/@material/theme/-/theme-0.25.0.tgz",
      "integrity": "sha512-12JyZlMStatIecXFfiQrEQb0BBVJOCm4cl54j/R3VkOehcIsvG9Z9Y42AJ/DlyRlbQ7J3rkdevf6c5osQXZvKA=="
    },
    "@material/toolbar": {
      "version": "0.25.0",
      "resolved": "https://registry.npmjs.org/@material/toolbar/-/toolbar-0.25.0.tgz",
      "integrity": "sha512-KwYe0RfA0KwGKepnZHQASM7JU2V3HtlsQMD4K/FlA5J87Zf9DrNRIlF59hmi98KGeYbkv5Z/gz4l/gVh/c4tJw==",
      "requires": {
        "@material/base": "0.24.0",
        "@material/elevation": "0.25.0",
        "@material/rtl": "0.1.8",
        "@material/theme": "0.25.0",
        "@material/typography": "0.3.0"
      }
    },
    "@material/typography": {
      "version": "0.3.0",
      "resolved": "https://registry.npmjs.org/@material/typography/-/typography-0.3.0.tgz",
      "integrity": "sha1-+CjC0yFb/WbFgHJwm0JgxkElOQo="
    }
  }
}
